
Microsoft Visual Studio Solution File, Format Version 12.00
# Visual Studio 15
VisualStudioVersion = 15.0.27703.2018
MinimumVisualStudioVersion = 10.0.40219.1
Project("{FAE04EC0-301F-11D3-BF4B-00C04F79EFBC}") = "ConsoleApp11", "ConsoleApp11\ConsoleApp11.csproj", "{4ACE1195-D921-4346-A1BA-4310CE35674C}"
EndProject
Global
	GlobalSection(SolutionConfigurationPlatforms) = preSolution
		Debug|Any CPU = Debug|Any CPU
		Release|Any CPU = Release|Any CPU
	EndGlobalSection
	GlobalSection(ProjectConfigurationPlatforms) = postSolution
		{4ACE1195-D921-4346-A1BA-4310CE35674C}.Debug|Any CPU.ActiveCfg = Debug|Any CPU
		{4ACE1195-D921-4346-A1BA-4310CE35674C}.Debug|Any CPU.Build.0 = Debug|Any CPU
		{4ACE1195-D921-4346-A1BA-4310CE35674C}.Release|Any CPU.ActiveCfg = Release|Any CPU
		{4ACE1195-D921-4346-A1BA-4310CE35674C}.Release|Any CPU.Build.0 = Release|Any CPU
	EndGlobalSection
	GlobalSection(SolutionProperties) = preSolution
		HideSolutionNode = FALSE
	EndGlobalSection
	GlobalSection(ExtensibilityGlobals) = postSolution
		SolutionGuid = {3531774E-A476-488B-B254-2BED73038E8E}
	EndGlobalSection
EndGlobal
